Microsoft Visual Studio Solution File, Format Version 12.00
# Visual Studio Version 17
VisualStudioVersion = 17.5.2.0
MinimumVisualStudioVersion = 10.0.40219.1
Project("{FAE04EC0-301F-11D3-BF4B-00C04F79EFBC}") = "extenmethods", "extenmethods\extenmethods.csproj", "{60973629-21CD-0401-8AD0-28291A56CA48}"
EndProject
Global
	GlobalSection(SolutionConfigurationPlatforms) = preSolution
		Debug|Any CPU = Debug|Any CPU
		Release|Any CPU = Release|Any CPU
	EndGlobalSection
	GlobalSection(ProjectConfigurationPlatforms) = postSolution
		{60973629-21CD-0401-8AD0-28291A56CA48}.Debug|Any CPU.ActiveCfg = Debug|Any CPU
		{60973629-21CD-0401-8AD0-28291A56CA48}.Debug|Any CPU.Build.0 = Debug|Any CPU
		{60973629-21CD-0401-8AD0-28291A56CA48}.Release|Any CPU.ActiveCfg = Release|Any CPU
		{60973629-21CD-0401-8AD0-28291A56CA48}.Release|Any CPU.Build.0 = Release|Any CPU
	EndGlobalSection
	GlobalSection(SolutionProperties) = preSolution
		HideSolutionNode = FALSE
	EndGlobalSection
	GlobalSection(ExtensibilityGlobals) = postSolution
		SolutionGuid = {2DD22557-93C5-401D-826A-C6897D87CBE8}
	EndGlobalSection
EndGlobal
